
Microsoft Visual Studio Solution File, Format Version 12.00
# Visual Studio 14
VisualStudioVersion = 14.0.25420.1
MinimumVisualStudioVersion = 10.0.40219.1
Project("{FAE04EC0-301F-11D3-BF4B-00C04F79EFBC}") = "PeopleSearch", "PeopleSearch\PeopleSearch.csproj", "{95FFA7FC-95A6-4CEE-991A-7350BB04807B}"
EndProject
Global
	GlobalSection(SolutionConfigurationPlatforms) = preSolution
		Debug|Any CPU = Debug|Any CPU
		Release|Any CPU = Release|Any CPU
	EndGlobalSection
	GlobalSection(ProjectConfigurationPlatforms) = postSolution
		{95FFA7FC-95A6-4CEE-991A-7350BB04807B}.Debug|Any CPU.ActiveCfg = Debug|Any CPU
		{95FFA7FC-95A6-4CEE-991A-7350BB04807B}.Debug|Any CPU.Build.0 = Debug|Any CPU
		{95FFA7FC-95A6-4CEE-991A-7350BB04807B}.Release|Any CPU.ActiveCfg = Release|Any CPU
		{95FFA7FC-95A6-4CEE-991A-7350BB04807B}.Release|Any CPU.Build.0 = Release|Any CPU
	EndGlobalSection
	GlobalSection(SolutionProperties) = preSolution
		HideSolutionNode = FALSE
	EndGlobalSection
EndGlobal
